
Microsoft Visual Studio Solution File, Format Version 12.00
# Visual Studio Version 17
VisualStudioVersion = 17.5.33627.172
MinimumVisualStudioVersion = 10.0.40219.1
Project("{FAE04EC0-301F-11D3-BF4B-00C04F79EFBC}") = "Ops.Core", "Ops.Core\Ops.Core.csproj", "{2E37EA7B-EA83-4AA2-AE39-C91F832BF997}"
EndProject
Project("{FAE04EC0-301F-11D3-BF4B-00C04F79EFBC}") = "Ops.Service", "Ops.Service\Ops.Service.csproj", "{F1E2FFFF-BF9E-40C4-BC73-E1C8FCFC700F}"
EndProject
Project("{FAE04EC0-301F-11D3-BF4B-00C04F79EFBC}") = "Ops.Repository", "Ops.Repository\Ops.Repository.csproj", "{93071796-E411-47AB-AE89-A1B09F5302D3}"
EndProject
Project("{FAE04EC0-301F-11D3-BF4B-00C04F79EFBC}") = "Ops.API", "Ops.API\Ops.API.csproj", "{5C4C9EE6-F274-435E-A16E-DE796E41EA79}"
EndProject
Project("{FAE04EC0-301F-11D3-BF4B-00C04F79EFBC}") = "Ops.Web", "Ops.Web\Ops.Web.csproj", "{69FADF5B-0046-4F93-8DA9-B2BF477A8B51}"
EndProject
Global
	GlobalSection(SolutionConfigurationPlatforms) = preSolution
		Debug|Any CPU = Debug|Any CPU
		Release|Any CPU = Release|Any CPU
	EndGlobalSection
	GlobalSection(ProjectConfigurationPlatforms) = postSolution
		{2E37EA7B-EA83-4AA2-AE39-C91F832BF997}.Debug|Any CPU.ActiveCfg = Debug|Any CPU
		{2E37EA7B-EA83-4AA2-AE39-C91F832BF997}.Debug|Any CPU.Build.0 = Debug|Any CPU
		{2E37EA7B-EA83-4AA2-AE39-C91F832BF997}.Release|Any CPU.ActiveCfg = Release|Any CPU
		{2E37EA7B-EA83-4AA2-AE39-C91F832BF997}.Release|Any CPU.Build.0 = Release|Any CPU
		{F1E2FFFF-BF9E-40C4-BC73-E1C8FCFC700F}.Debug|Any CPU.ActiveCfg = Debug|Any CPU
		{F1E2FFFF-BF9E-40C4-BC73-E1C8FCFC700F}.Debug|Any CPU.Build.0 = Debug|Any CPU
		{F1E2FFFF-BF9E-40C4-BC73-E1C8FCFC700F}.Release|Any CPU.ActiveCfg = Release|Any CPU
		{F1E2FFFF-BF9E-40C4-BC73-E1C8FCFC700F}.Release|Any CPU.Build.0 = Release|Any CPU
		{93071796-E411-47AB-AE89-A1B09F5302D3}.Debug|Any CPU.ActiveCfg = Debug|Any CPU
		{93071796-E411-47AB-AE89-A1B09F5302D3}.Debug|Any CPU.Build.0 = Debug|Any CPU
		{93071796-E411-47AB-AE89-A1B09F5302D3}.Release|Any CPU.ActiveCfg = Release|Any CPU
		{93071796-E411-47AB-AE89-A1B09F5302D3}.Release|Any CPU.Build.0 = Release|Any CPU
		{5C4C9EE6-F274-435E-A16E-DE796E41EA79}.Debug|Any CPU.ActiveCfg = Debug|Any CPU
		{5C4C9EE6-F274-435E-A16E-DE796E41EA79}.Debug|Any CPU.Build.0 = Debug|Any CPU
		{5C4C9EE6-F274-435E-A16E-DE796E41EA79}.Release|Any CPU.ActiveCfg = Release|Any CPU
		{5C4C9EE6-F274-435E-A16E-DE796E41EA79}.Release|Any CPU.Build.0 = Release|Any CPU
		{69FADF5B-0046-4F93-8DA9-B2BF477A8B51}.Debug|Any CPU.ActiveCfg = Debug|Any CPU
		{69FADF5B-0046-4F93-8DA9-B2BF477A8B51}.Debug|Any CPU.Build.0 = Debug|Any CPU
		{69FADF5B-0046-4F93-8DA9-B2BF477A8B51}.Release|Any CPU.ActiveCfg = Release|Any CPU
		{69FADF5B-0046-4F93-8DA9-B2BF477A8B51}.Release|Any CPU.Build.0 = Release|Any CPU
	EndGlobalSection
	GlobalSection(SolutionProperties) = preSolution
		HideSolutionNode = FALSE
	EndGlobalSection
	GlobalSection(ExtensibilityGlobals) = postSolution
		SolutionGuid = {6630A0F7-0CCF-4F81-92B5-DB7276987838}
	EndGlobalSection
EndGlobal
